
Microsoft Visual Studio Solution File, Format Version 12.00
# Visual Studio Version 16
VisualStudioVersion = 16.0.29306.81
MinimumVisualStudioVersion = 10.0.40219.1
Project("{FAE04EC0-301F-11D3-BF4B-00C04F79EFBC}") = "LoraPlatform", "LoraPlatform\LoraPlatform.csproj", "{BF03DCB4-A6D6-466D-9AE3-03449EA2D3F3}"
EndProject
Global
	GlobalSection(SolutionConfigurationPlatforms) = preSolution
		Debug|Any CPU = Debug|Any CPU
		Release|Any CPU = Release|Any CPU
	EndGlobalSection
	GlobalSection(ProjectConfigurationPlatforms) = postSolution
		{BF03DCB4-A6D6-466D-9AE3-03449EA2D3F3}.Debug|Any CPU.ActiveCfg = Debug|Any CPU
		{BF03DCB4-A6D6-466D-9AE3-03449EA2D3F3}.Debug|Any CPU.Build.0 = Debug|Any CPU
		{BF03DCB4-A6D6-466D-9AE3-03449EA2D3F3}.Release|Any CPU.ActiveCfg = Release|Any CPU
		{BF03DCB4-A6D6-466D-9AE3-03449EA2D3F3}.Release|Any CPU.Build.0 = Release|Any CPU
	EndGlobalSection
	GlobalSection(SolutionProperties) = preSolution
		HideSolutionNode = FALSE
	EndGlobalSection
	GlobalSection(ExtensibilityGlobals) = postSolution
		SolutionGuid = {CCEAD1E4-BDD3-444B-A6E6-A5BA62C0B0DE}
	EndGlobalSection
EndGlobal
